// !$*UTF8*$!
{
	archiveVersion = 1;
	classes = {
	};
	objectVersion = 46;
	objects = {

/* Begin PBXBuildFile section */
		604A889E1EC04D660057AC6D /* AppDelegate.swift in Sources */ = {isa = PBXBuildFile; fileRef = 604A889D1EC04D660057AC6D /* AppDelegate.swift */; };
		604A88A01EC04D660057AC6D /* ViewController.swift in Sources */ = {isa = PBXBuildFile; fileRef = 604A889F1EC04D660057AC6D /* ViewController.swift */; };
		604A88A31EC04D660057AC6D /* Main.storyboard in Resources */ = {isa = PBXBuildFile; fileRef = 604A88A11EC04D660057AC6D /* Main.storyboard */; };
		604A88A51EC04D660057AC6D /* Assets.xcassets in Resources */ = {isa = PBXBuildFile; fileRef = 604A88A41EC04D660057AC6D /* Assets.xcassets */; };
		604A88A81EC04D660057AC6D /* LaunchScreen.storyboard in Resources */ = {isa = PBXBuildFile; fileRef = 604A88A61EC04D660057AC6D /* LaunchScreen.storyboard */; };
/* End PBXBuildFile section */

/* Begin PBXFileReference section */
		604A889A1EC04D660057AC6D /* Software Engineering.app */ = {isa = PBXFileReference; explicitFileType = wrapper.application; includeInIndex = 0; path = "Software Engineering.app"; sourceTree = BUILT_PRODUCTS_DIR; };
		604A889D1EC04D660057AC6D /* AppDelegate.swift */ = {isa = PBXFileReference; lastKnownFileType = sourcecode.swift; path = AppDelegate.swift; sourceTree = "<group>"; };
		604A889F1EC04D660057AC6D /* ViewController.swift */ = {isa = PBXFileReference; lastKnownFileType = sourcecode.swift; path = ViewController.swift; sourceTree = "<group>"; };
		604A88A21EC04D660057AC6D /* Base */ = {isa = PBXFileReference; lastKnownFileType = file.storyboard; name = Base; path = Base.lproj/Main.storyboard; sourceTree = "<group>"; };
		604A88A41EC04D660057AC6D /* Assets.xcassets */ = {isa = PBXFileReference; lastKnownFileType = folder.assetcatalog; path = Assets.xcassets; sourceTree = "<group>"; };
		604A88A71EC04D660057AC6D /* Base */ = {isa = PBXFileReference; lastKnownFileType = file.storyboard; name = Base; path = Base.lproj/LaunchScreen.storyboard; sourceTree = "<group>"; };
		604A88A91EC04D660057AC6D /* Info.plist */ = {isa = PBXFileReference; lastKnownFileType = text.plist.xml; path = Info.plist; sourceTree = "<group>"; };
/* End PBXFileReference section */

/* Begin PBXFrameworksBuildPhase section */
		604A88971EC04D660057AC6D /* Frameworks */ = {
			isa = PBXFrameworksBuildPhase;
			buildActionMask = 2147483647;
			files = (
			);
			runOnlyForDeploymentPostprocessing = 0;
		};
/* End PBXFrameworksBuildPhase section */

/* Begin PBXGroup section */
		604A88911EC04D660057AC6D = {
			isa = PBXGroup;
			children = (
				604A889C1EC04D660057AC6D /* Software Engineering */,
				604A889B1EC04D660057AC6D /* Products */,
			);
			sourceTree = "<group>";
		};
		604A889B1EC04D660057AC6D /* Products */ = {
			isa = PBXGroup;
			children = (
				604A889A1EC04D660057AC6D /* Software Engineering.app */,
			);
			name = Products;
			sourceTree = "<group>";
		};
		604A889C1EC04D660057AC6D /* Software Engineering */ = {
			isa = PBXGroup;
			children = (
				604A889D1EC04D660057AC6D /* AppDelegate.swift */,
				604A889F1EC04D660057AC6D /* ViewController.swift */,
				604A88A11EC04D660057AC6D /* Main.storyboard */,
				604A88A41EC04D660057AC6D /* Assets.xcassets */,
				604A88A61EC04D660057AC6D /* LaunchScreen.storyboard */,
				604A88A91EC04D660057AC6D /* Info.plist */,
			);
			path = "Software Engineering";
			sourceTree = "<group>";
		};
/* End PBXGroup section */

/* Begin PBXNativeTarget section */
		604A88991EC04D660057AC6D /* Software Engineering */ = {
			isa = PBXNativeTarget;
			buildConfigurationList = 604A88AC1EC04D660057AC6D /* Build configuration list for PBXNativeTarget "Software Engineering" */;
			buildPhases = (
				604A88961EC04D660057AC6D /* Sources */,
				604A88971EC04D660057AC6D /* Frameworks */,
				604A88981EC04D660057AC6D /* Resources */,
			);
			buildRules = (
			);
			dependencies = (
			);
			name = "Software Engineering";
			productName = "Software Engineering";
			productReference = 604A889A1EC04D660057AC6D /* Software Engineering.app */;
			productType = "com.apple.product-type.application";
		};
/* End PBXNativeTarget section */

/* Begin PBXProject section */
		604A88921EC04D660057AC6D /* Project object */ = {
			isa = PBXProject;
			attributes = {
				LastSwiftUpdateCheck = 0830;
				LastUpgradeCheck = 0830;
				ORGANIZATIONNAME = "ibrahim al-khatib";
				TargetAttributes = {
					604A88991EC04D660057AC6D = {
						CreatedOnToolsVersion = 8.3.1;
						DevelopmentTeam = U45A333YG5;
						ProvisioningStyle = Automatic;
					};
				};
			};
			buildConfigurationList = 604A88951EC04D660057AC6D /* Build configuration list for PBXProject "Software Engineering" */;
			compatibilityVersion = "Xcode 3.2";
			developmentRegion = English;
			hasScannedForEncodings = 0;
			knownRegions = (
				en,
				Base,
			);
			mainGroup = 604A88911EC04D660057AC6D;
			productRefGroup = 604A889B1EC04D660057AC6D /* Products */;
			projectDirPath = "";
			projectRoot = "";
			targets = (
				604A88991EC04D660057AC6D /* Software Engineering */,
			);
		};
/* End PBXProject section */

/* Begin PBXResourcesBuildPhase section */
		604A88981EC04D660057AC6D /* Resources */ = {
			isa = PBXResourcesBuildPhase;
			buildActionMask = 2147483647;
			files = (
				604A88A81EC04D660057AC6D /* LaunchScreen.storyboard in Resources */,
				604A88A51EC04D660057AC6D /* Assets.xcassets in Resources */,
				604A88A31EC04D660057AC6D /* Main.storyboard in Resources */,
			);
			runOnlyForDeploymentPostprocessing = 0;
		};
/* End PBXResourcesBuildPhase section */

/* Begin PBXSourcesBuildPhase section */
		604A88961EC04D660057AC6D /* Sources */ = {
			isa = PBXSourcesBuildPhase;
			buildActionMask = 2147483647;
			files = (
				604A88A01EC04D660057AC6D /* ViewController.swift in Sources */,
				604A889E1EC04D660057AC6D /* AppDelegate.swift in Sources */,
			);
			runOnlyForDeploymentPostprocessing = 0;
		};
/* End PBXSourcesBuildPhase section */

/* Begin PBXVariantGroup section */
		604A88A11EC04D660057AC6D /* Main.storyboard */ = {
			isa = PBXVariantGroup;
			children = (
				604A88A21EC04D660057AC6D /* Base */,
			);
			name = Main.storyboard;
			sourceTree = "<group>";
		};
		604A88A61EC04D660057AC6D /* LaunchScreen.storyboard */ = {
			isa = PBXVariantGroup;
			children = (
				604A88A71EC04D660057AC6D /* Base */,
			);
			name = LaunchScreen.storyboard;
			sourceTree = "<group>";
		};
/* End PBXVariantGroup section */

/* Begin XCBuildConfiguration section */
		604A88AA1EC04D660057AC6D /* Debug */ = {
			isa = XCBuildConfiguration;
			buildSettings = {
				ALWAYS_SEARCH_USER_PATHS = NO;
				CLANG_ANALYZER_NONNULL = YES;
				CLANG_ANALYZER_NUMBER_OBJECT_CONVERSION = YES_AGGRESSIVE;
				CLANG_CXX_LANGUAGE_STANDARD = "gnu++0x";
				CLANG_CXX_LIBRARY = "libc++";
				CLANG_ENABLE_MODULES = YES;
				CLANG_ENABLE_OBJC_ARC = YES;
				CLANG_WARN_BOOL_CONVERSION = YES;
				CLANG_WARN_CONSTANT_CONVERSION = YES;
				CLANG_WARN_DIRECT_OBJC_ISA_USAGE = YES_ERROR;
				CLANG_WARN_DOCUMENTATION_COMMENTS = YES;
				CLANG_WARN_EMPTY_BODY = YES;
				CLANG_WARN_ENUM_CONVERSION = YES;
				CLANG_WARN_INFINITE_RECURSION = YES;
				CLANG_WARN_INT_CONVERSION = YES;
				CLANG_WARN_OBJC_ROOT_CLASS = YES_ERROR;
				CLANG_WARN_SUSPICIOUS_MOVE = YES;
				CLANG_WARN_UNREACHABLE_CODE = YES;
				CLANG_WARN__DUPLICATE_METHOD_MATCH = YES;
				"CODE_SIGN_IDENTITY[sdk=iphoneos*]" = "iPhone Developer";
				COPY_PHASE_STRIP = NO;
				DEBUG_INFORMATION_FORMAT = dwarf;
				ENABLE_STRICT_OBJC_MSGSEND = YES;
				ENABLE_TESTABILITY = YES;
				GCC_C_LANGUAGE_STANDARD = gnu99;
				GCC_DYNAMIC_NO_PIC = NO;
				GCC_NO_COMMON_BLOCKS = YES;
				GCC_OPTIMIZATION_LEVEL = 0;
				GCC_PREPROCESSOR_DEFINITIONS = (
					"DEBUG=1",
					"$(inherited)",
				);
				GCC_WARN_64_TO_32_BIT_CONVERSION = YES;
				GCC_WARN_ABOUT_RETURN_TYPE = YES_ERROR;
				GCC_WARN_UNDECLARED_SELECTOR = YES;
				GCC_WARN_UNINITIALIZED_AUTOS = YES_AGGRESSIVE;
				GCC_WARN_UNUSED_FUNCTION = YES;
				GCC_WARN_UNUSED_VARIABLE = YES;
				IPHONEOS_DEPLOYMENT_TARGET = 10.3;
				MTL_ENABLE_DEBUG_INFO = YES;
				ONLY_ACTIVE_ARCH = YES;
				SDKROOT = iphoneos;
				SWIFT_ACTIVE_COMPILATION_CONDITIONS = DEBUG;
				SWIFT_OPTIMIZATION_LEVEL = "-Onone";
			};
			name = Debug;
		};
		604A88AB1EC04D660057AC6D /* Release */ = {
			isa = XCBuildConfiguration;
			buildSettings = {
				ALWAYS_SEARCH_USER_PATHS = NO;
				CLANG_ANALYZER_NONNULL = YES;
				CLANG_ANALYZER_NUMBER_OBJECT_CONVERSION = YES_AGGRESSIVE;
				CLANG_CXX_LANGUAGE_STANDARD = "gnu++0x";
				CLANG_CXX_LIBRARY = "libc++";
				CLANG_ENABLE_MODULES = YES;
				CLANG_ENABLE_OBJC_ARC = YES;
				CLANG_WARN_BOOL_CONVERSION = YES;
				CLANG_WARN_CONSTANT_CONVERSION = YES;
				CLANG_WARN_DIRECT_OBJC_ISA_USAGE = YES_ERROR;
				CLANG_WARN_DOCUMENTATION_COMMENTS = YES;
				CLANG_WARN_EMPTY_BODY = YES;
				CLANG_WARN_ENUM_CONVERSION = YES;
				CLANG_WARN_INFINITE_RECURSION = YES;
				CLANG_WARN_INT_CONVERSION = YES;
				CLANG_WARN_OBJC_ROOT_CLASS = YES_ERROR;
				CLANG_WARN_SUSPICIOUS_MOVE = YES;
				CLANG_WARN_UNREACHABLE_CODE = YES;
				CLANG_WARN__DUPLICATE_METHOD_MATCH = YES;
				"CODE_SIGN_IDENTITY[sdk=iphoneos*]" = "iPhone Developer";
				COPY_PHASE_STRIP = NO;
				DEBUG_INFORMATION_FORMAT = "dwarf-with-dsym";
				ENABLE_NS_ASSERTIONS = NO;
				ENABLE_STRICT_OBJC_MSGSEND = YES;
				GCC_C_LANGUAGE_STANDARD = gnu99;
				GCC_NO_COMMON_BLOCKS = YES;
				GCC_WARN_64_TO_32_BIT_CONVERSION = YES;
				GCC_WARN_ABOUT_RETURN_TYPE = YES_ERROR;
				GCC_WARN_UNDECLARED_SELECTOR = YES;
				GCC_WARN_UNINITIALIZED_AUTOS = YES_AGGRESSIVE;
				GCC_WARN_UNUSED_FUNCTION = YES;
				GCC_WARN_UNUSED_VARIABLE = YES;
				IPHONEOS_DEPLOYMENT_TARGET = 10.3;
				MTL_ENABLE_DEBUG_INFO = NO;
				SDKROOT = iphoneos;
				SWIFT_OPTIMIZATION_LEVEL = "-Owholemodule";
				VALIDATE_PRODUCT = YES;
			};
			name = Release;
		};
		604A88AD1EC04D660057AC6D /* Debug */ = {
			isa = XCBuildConfiguration;
			buildSettings = {
				ASSETCATALOG_COMPILER_APPICON_NAME = AppIcon;
				DEVELOPMENT_TEAM = U45A333YG5;
				INFOPLIST_FILE = "Software Engineering/Info.plist";
				LD_RUNPATH_SEARCH_PATHS = "$(inherited) @executable_path/Frameworks";
				PRODUCT_BUNDLE_IDENTIFIER = "com.Software-Engineering";
				PRODUCT_NAME = "$(TARGET_NAME)";
				SWIFT_VERSION = 3.0;
			};
			name = Debug;
		};
		604A88AE1EC04D660057AC6D /* Release */ = {
			isa = XCBuildConfiguration;
			buildSettings = {
				ASSETCATALOG_COMPILER_APPICON_NAME = AppIcon;
				DEVELOPMENT_TEAM = U45A333YG5;
				INFOPLIST_FILE = "Software Engineering/Info.plist";
				LD_RUNPATH_SEARCH_PATHS = "$(inherited) @executable_path/Frameworks";
				PRODUCT_BUNDLE_IDENTIFIER = "com.Software-Engineering";
				PRODUCT_NAME = "$(TARGET_NAME)";
				SWIFT_VERSION = 3.0;
			};
			name = Release;
		};
/* End XCBuildConfiguration section */

/* Begin XCConfigurationList section */
		604A88951EC04D660057AC6D /* Build configuration list for PBXProject "Software Engineering" */ = {
			isa = XCConfigurationList;
			buildConfigurations = (
				604A88AA1EC04D660057AC6D /* Debug */,
				604A88AB1EC04D660057AC6D /* Release */,
			);
			defaultConfigurationIsVisible = 0;
			defaultConfigurationName = Release;
		};
		604A88AC1EC04D660057AC6D /* Build configuration list for PBXNativeTarget "Software Engineering" */ = {
			isa = XCConfigurationList;
			buildConfigurations = (
				604A88AD1EC04D660057AC6D /* Debug */,
				604A88AE1EC04D660057AC6D /* Release */,
			);
			defaultConfigurationIsVisible = 0;
		};
/* End XCConfigurationList section */
	};
	rootObject = 604A88921EC04D660057AC6D /* Project object */;
}
